// !$*UTF8*$!
{
	archiveVersion = 1;
	classes = {
	};
	objectVersion = 46;
	objects = {

/* Begin PBXBuildFile section */
		1B0BFC6A091EC5EB0012580D /* OpenGL.framework in Frameworks */ = {isa = PBXBuildFile; fileRef = 1B0BFC69091EC5EB0012580D /* OpenGL.framework */; };
		1B0BFC92091EC98F0012580D /* Water.h in Headers */ = {isa = PBXBuildFile; fileRef = 1B0BFC90091EC98F0012580D /* Water.h */; };
		1B0BFC93091EC98F0012580D /* Water.c in Sources */ = {isa = PBXBuildFile; fileRef = 1B0BFC91091EC98F0012580D /* Water.c */; settings = {COMPILER_FLAGS = "-fast -fPIC"; }; };
		1B0BFFD9092039AF0012580D /* reflections.png in Resources */ = {isa = PBXBuildFile; fileRef = 1B0BFFD8092039AF0012580D /* reflections.png */; };
		1B81B012136BA2BD002AA257 /* LotsaView.h in Headers */ = {isa = PBXBuildFile; fileRef = 1B81AFFE136BA2BD002AA257 /* LotsaView.h */; };
		1B81B013136BA2BD002AA257 /* LotsaView.m in Sources */ = {isa = PBXBuildFile; fileRef = 1B81AFFF136BA2BD002AA257 /* LotsaView.m */; };
		1B81B014136BA2BD002AA257 /* NameMangler.h in Headers */ = {isa = PBXBuildFile; fileRef = 1B81B000136BA2BD002AA257 /* NameMangler.h */; };
		1B81B015136BA2BD002AA257 /* Random.c in Sources */ = {isa = PBXBuildFile; fileRef = 1B81B001136BA2BD002AA257 /* Random.c */; };
		1B81B016136BA2BD002AA257 /* Random.h in Headers */ = {isa = PBXBuildFile; fileRef = 1B81B002136BA2BD002AA257 /* Random.h */; };
		1B81B258136BA2C5002AA257 /* Matrix.c in Sources */ = {isa = PBXBuildFile; fileRef = 1B81B136136BA2C5002AA257 /* Matrix.c */; };
		1B81B259136BA2C5002AA257 /* Matrix.h in Headers */ = {isa = PBXBuildFile; fileRef = 1B81B137136BA2C5002AA257 /* Matrix.h */; };
		1B81B25E136BA2C5002AA257 /* Quaternion.c in Sources */ = {isa = PBXBuildFile; fileRef = 1B81B13C136BA2C5002AA257 /* Quaternion.c */; };
		1B81B25F136BA2C5002AA257 /* Quaternion.h in Headers */ = {isa = PBXBuildFile; fileRef = 1B81B13D136BA2C5002AA257 /* Quaternion.h */; };
		1B81B267136BA2C5002AA257 /* Vector.c in Sources */ = {isa = PBXBuildFile; fileRef = 1B81B145136BA2C5002AA257 /* Vector.c */; };
		1B81B268136BA2C5002AA257 /* Vector.h in Headers */ = {isa = PBXBuildFile; fileRef = 1B81B146136BA2C5002AA257 /* Vector.h */; };
		1B81B272136CD811002AA257 /* GLConverter.h in Headers */ = {isa = PBXBuildFile; fileRef = 1B81B270136CD811002AA257 /* GLConverter.h */; };
		1B81B273136CD811002AA257 /* GLConverter.m in Sources */ = {isa = PBXBuildFile; fileRef = 1B81B271136CD811002AA257 /* GLConverter.m */; };
		76891D5829BC485E00C8629B /* ScreenCaptureKit.framework in Frameworks */ = {isa = PBXBuildFile; fileRef = 76891D5729BC485E00C8629B /* ScreenCaptureKit.framework */; };
		76891D5A29BC488000C8629B /* AVFoundation.framework in Frameworks */ = {isa = PBXBuildFile; fileRef = 76891D5929BC488000C8629B /* AVFoundation.framework */; };
		76CF61932DFE579900F14A1C /* WaterTypes.h in Headers */ = {isa = PBXBuildFile; fileRef = 76CF61922DFE579900F14A1C /* WaterTypes.h */; };
		76CF61942DFE579900F14A1C /* WaterCompute.metal in Sources */ = {isa = PBXBuildFile; fileRef = 76CF61912DFE579900F14A1C /* WaterCompute.metal */; };
		76CF61962DFE5C8600F14A1C /* LotsaWaterView.m in Sources */ = {isa = PBXBuildFile; fileRef = 76CF61952DFE5C8600F14A1C /* LotsaWaterView.m */; };
		76CF61992DFE5CA900F14A1C /* MTLComputePipeline.h in Headers */ = {isa = PBXBuildFile; fileRef = 76CF61972DFE5CA900F14A1C /* MTLComputePipeline.h */; };
		76CF619A2DFE5CA900F14A1C /* MTLComputePipeline.m in Sources */ = {isa = PBXBuildFile; fileRef = 76CF61982DFE5CA900F14A1C /* MTLComputePipeline.m */; };
		76E31DBC2DFD879C00F2F856 /* MTLRenderer.h in Headers */ = {isa = PBXBuildFile; fileRef = 76E31DB72DFD879C00F2F856 /* MTLRenderer.h */; };
		76E31DBD2DFD879C00F2F856 /* MTLTexture.h in Headers */ = {isa = PBXBuildFile; fileRef = 76E31DB92DFD879C00F2F856 /* MTLTexture.h */; };
		76E31DBE2DFD879C00F2F856 /* MTLBuffer.h in Headers */ = {isa = PBXBuildFile; fileRef = 76E31DB52DFD879C00F2F856 /* MTLBuffer.h */; };
		76E31DBF2DFD879C00F2F856 /* MTLRenderer.m in Sources */ = {isa = PBXBuildFile; fileRef = 76E31DB82DFD879C00F2F856 /* MTLRenderer.m */; };
		76E31DC02DFD879C00F2F856 /* WaterShaders.metal in Sources */ = {isa = PBXBuildFile; fileRef = 76E31DBB2DFD879C00F2F856 /* WaterShaders.metal */; };
		76E31DC12DFD879C00F2F856 /* MTLBuffer.m in Sources */ = {isa = PBXBuildFile; fileRef = 76E31DB62DFD879C00F2F856 /* MTLBuffer.m */; };
		76E31DC22DFD879C00F2F856 /* MTLTexture.m in Sources */ = {isa = PBXBuildFile; fileRef = 76E31DBA2DFD879C00F2F856 /* MTLTexture.m */; };
		76E31DC42DFD87C200F2F856 /* Metal.framework in Frameworks */ = {isa = PBXBuildFile; fileRef = 76E31DC32DFD87C200F2F856 /* Metal.framework */; };
		76E31DCB2DFDA28F00F2F856 /* MTLRenderPipeline.h in Headers */ = {isa = PBXBuildFile; fileRef = 76E31DC92DFDA28F00F2F856 /* MTLRenderPipeline.h */; };
		76E31DCC2DFDA28F00F2F856 /* MTLRenderPipeline.m in Sources */ = {isa = PBXBuildFile; fileRef = 76E31DCA2DFDA28F00F2F856 /* MTLRenderPipeline.m */; };
		76E8802929BC5F8D006EDBE7 /* ConfigSheet.nib in Resources */ = {isa = PBXBuildFile; fileRef = 76E8802829BC5F8D006EDBE7 /* ConfigSheet.nib */; };
		8D255AC70486D3F9007BF209 /* LotsaWater_Prefix.pch in Headers */ = {isa = PBXBuildFile; fileRef = 32DBCFA80370C50100C91783 /* LotsaWater_Prefix.pch */; };
		8D255AC80486D3F9007BF209 /* LotsaWaterView.h in Headers */ = {isa = PBXBuildFile; fileRef = F50079790118B23001CA0E54 /* LotsaWaterView.h */; };
		8D255ACA0486D3F9007BF209 /* InfoPlist.strings in Resources */ = {isa = PBXBuildFile; fileRef = 089C167DFE841241C02AAC07 /* InfoPlist.strings */; };
		8D255ACC0486D3F9007BF209 /* LotsaWaterView.m in Sources */ = {isa = PBXBuildFile; fileRef = F500797A0118B23001CA0E54 /* LotsaWaterView.m */; };
		8D255ACE0486D3F9007BF209 /* Cocoa.framework in Frameworks */ = {isa = PBXBuildFile; fileRef = 1058C7ADFEA557BF11CA2CBB /* Cocoa.framework */; };
		8D255ACF0486D3F9007BF209 /* ScreenSaver.framework in Frameworks */ = {isa = PBXBuildFile; fileRef = 06F27B2DFFEEEFEF11CA0E56 /* ScreenSaver.framework */; };
/* End PBXBuildFile section */

/* Begin PBXFileReference section */
		06F27B2DFFEEEFEF11CA0E56 /* ScreenSaver.framework */ = {isa = PBXFileReference; lastKnownFileType = wrapper.framework; name = ScreenSaver.framework; path = /System/Library/Frameworks/ScreenSaver.framework; sourceTree = "<absolute>"; };
		1058C7ADFEA557BF11CA2CBB /* Cocoa.framework */ = {isa = PBXFileReference; lastKnownFileType = wrapper.framework; name = Cocoa.framework; path = /System/Library/Frameworks/Cocoa.framework; sourceTree = "<absolute>"; };
		1B0BFC69091EC5EB0012580D /* OpenGL.framework */ = {isa = PBXFileReference; lastKnownFileType = wrapper.framework; name = OpenGL.framework; path = /System/Library/Frameworks/OpenGL.framework; sourceTree = "<absolute>"; };
		1B0BFC90091EC98F0012580D /* Water.h */ = {isa = PBXFileReference; fileEncoding = 4; lastKnownFileType = sourcecode.c.h; path = Water.h; sourceTree = "<group>"; };
		1B0BFC91091EC98F0012580D /* Water.c */ = {isa = PBXFileReference; fileEncoding = 4; lastKnownFileType = sourcecode.c.c; path = Water.c; sourceTree = "<group>"; };
		1B0BFFD8092039AF0012580D /* reflections.png */ = {isa = PBXFileReference; lastKnownFileType = image.png; path = reflections.png; sourceTree = "<group>"; };
		1B81AFFE136BA2BD002AA257 /* LotsaView.h */ = {isa = PBXFileReference; fileEncoding = 4; lastKnownFileType = sourcecode.c.h; path = LotsaView.h; sourceTree = "<group>"; };
		1B81AFFF136BA2BD002AA257 /* LotsaView.m */ = {isa = PBXFileReference; fileEncoding = 4; lastKnownFileType = sourcecode.c.objc; path = LotsaView.m; sourceTree = "<group>"; };
		1B81B000136BA2BD002AA257 /* NameMangler.h */ = {isa = PBXFileReference; fileEncoding = 4; lastKnownFileType = sourcecode.c.h; path = NameMangler.h; sourceTree = "<group>"; };
		1B81B001136BA2BD002AA257 /* Random.c */ = {isa = PBXFileReference; fileEncoding = 4; lastKnownFileType = sourcecode.c.c; path = Random.c; sourceTree = "<group>"; };
		1B81B002136BA2BD002AA257 /* Random.h */ = {isa = PBXFileReference; fileEncoding = 4; lastKnownFileType = sourcecode.c.h; path = Random.h; sourceTree = "<group>"; };
		1B81B136136BA2C5002AA257 /* Matrix.c */ = {isa = PBXFileReference; fileEncoding = 4; lastKnownFileType = sourcecode.c.c; path = Matrix.c; sourceTree = "<group>"; };
		1B81B137136BA2C5002AA257 /* Matrix.h */ = {isa = PBXFileReference; fileEncoding = 4; lastKnownFileType = sourcecode.c.h; path = Matrix.h; sourceTree = "<group>"; };
		1B81B13C136BA2C5002AA257 /* Quaternion.c */ = {isa = PBXFileReference; fileEncoding = 4; lastKnownFileType = sourcecode.c.c; path = Quaternion.c; sourceTree = "<group>"; };
		1B81B13D136BA2C5002AA257 /* Quaternion.h */ = {isa = PBXFileReference; fileEncoding = 4; lastKnownFileType = sourcecode.c.h; path = Quaternion.h; sourceTree = "<group>"; };
		1B81B145136BA2C5002AA257 /* Vector.c */ = {isa = PBXFileReference; fileEncoding = 4; lastKnownFileType = sourcecode.c.c; path = Vector.c; sourceTree = "<group>"; };
		1B81B146136BA2C5002AA257 /* Vector.h */ = {isa = PBXFileReference; fileEncoding = 4; lastKnownFileType = sourcecode.c.h; path = Vector.h; sourceTree = "<group>"; };
		1B81B270136CD811002AA257 /* GLConverter.h */ = {isa = PBXFileReference; fileEncoding = 4; lastKnownFileType = sourcecode.c.h; path = GLConverter.h; sourceTree = "<group>"; };
		1B81B271136CD811002AA257 /* GLConverter.m */ = {isa = PBXFileReference; fileEncoding = 4; lastKnownFileType = sourcecode.c.objc; path = GLConverter.m; sourceTree = "<group>"; };
		32DBCFA80370C50100C91783 /* LotsaWater_Prefix.pch */ = {isa = PBXFileReference; fileEncoding = 4; lastKnownFileType = sourcecode.c.h; path = LotsaWater_Prefix.pch; sourceTree = "<group>"; };
		76891D5529BC409200C8629B /* LotsaWater.entitlements */ = {isa = PBXFileReference; lastKnownFileType = text.plist.entitlements; path = LotsaWater.entitlements; sourceTree = "<group>"; };
		76891D5729BC485E00C8629B /* ScreenCaptureKit.framework */ = {isa = PBXFileReference; lastKnownFileType = wrapper.framework; name = ScreenCaptureKit.framework; path = System/Library/Frameworks/ScreenCaptureKit.framework; sourceTree = SDKROOT; };
		76891D5929BC488000C8629B /* AVFoundation.framework */ = {isa = PBXFileReference; lastKnownFileType = wrapper.framework; name = AVFoundation.framework; path = System/Library/Frameworks/AVFoundation.framework; sourceTree = SDKROOT; };
		76CF61912DFE579900F14A1C /* WaterCompute.metal */ = {isa = PBXFileReference; lastKnownFileType = sourcecode.metal; path = WaterCompute.metal; sourceTree = "<group>"; };
		76CF61922DFE579900F14A1C /* WaterTypes.h */ = {isa = PBXFileReference; lastKnownFileType = sourcecode.c.h; path = WaterTypes.h; sourceTree = "<group>"; };
		76CF61952DFE5C8600F14A1C /* LotsaWaterView.m */ = {isa = PBXFileReference; lastKnownFileType = sourcecode.c.objc; path = LotsaWaterView.m; sourceTree = "<group>"; };
		76CF61972DFE5CA900F14A1C /* MTLComputePipeline.h */ = {isa = PBXFileReference; lastKnownFileType = sourcecode.c.h; path = MTLComputePipeline.h; sourceTree = "<group>"; };
		76CF61982DFE5CA900F14A1C /* MTLComputePipeline.m */ = {isa = PBXFileReference; lastKnownFileType = sourcecode.c.objc; path = MTLComputePipeline.m; sourceTree = "<group>"; };
		76E31DB52DFD879C00F2F856 /* MTLBuffer.h */ = {isa = PBXFileReference; lastKnownFileType = sourcecode.c.h; path = MTLBuffer.h; sourceTree = "<group>"; };
		76E31DB62DFD879C00F2F856 /* MTLBuffer.m */ = {isa = PBXFileReference; lastKnownFileType = sourcecode.c.objc; path = MTLBuffer.m; sourceTree = "<group>"; };
		76E31DB72DFD879C00F2F856 /* MTLRenderer.h */ = {isa = PBXFileReference; lastKnownFileType = sourcecode.c.h; path = MTLRenderer.h; sourceTree = "<group>"; };
		76E31DB82DFD879C00F2F856 /* MTLRenderer.m */ = {isa = PBXFileReference; lastKnownFileType = sourcecode.c.objc; path = MTLRenderer.m; sourceTree = "<group>"; };
		76E31DB92DFD879C00F2F856 /* MTLTexture.h */ = {isa = PBXFileReference; lastKnownFileType = sourcecode.c.h; path = MTLTexture.h; sourceTree = "<group>"; };
		76E31DBA2DFD879C00F2F856 /* MTLTexture.m */ = {isa = PBXFileReference; lastKnownFileType = sourcecode.c.objc; path = MTLTexture.m; sourceTree = "<group>"; };
		76E31DBB2DFD879C00F2F856 /* WaterShaders.metal */ = {isa = PBXFileReference; lastKnownFileType = sourcecode.metal; path = WaterShaders.metal; sourceTree = "<group>"; };
		76E31DC32DFD87C200F2F856 /* Metal.framework */ = {isa = PBXFileReference; lastKnownFileType = wrapper.framework; name = Metal.framework; path = System/Library/Frameworks/Metal.framework; sourceTree = SDKROOT; };
		76E31DC92DFDA28F00F2F856 /* MTLRenderPipeline.h */ = {isa = PBXFileReference; lastKnownFileType = sourcecode.c.h; path = MTLRenderPipeline.h; sourceTree = "<group>"; };
		76E31DCA2DFDA28F00F2F856 /* MTLRenderPipeline.m */ = {isa = PBXFileReference; lastKnownFileType = sourcecode.c.objc; path = MTLRenderPipeline.m; sourceTree = "<group>"; };
		76E8802829BC5F8D006EDBE7 /* ConfigSheet.nib */ = {isa = PBXFileReference; lastKnownFileType = wrapper.nib; path = ConfigSheet.nib; sourceTree = "<group>"; };
		76E8802A29BC6020006EDBE7 /* en */ = {isa = PBXFileReference; lastKnownFileType = text.plist.strings; name = en; path = en.lproj/InfoPlist.strings; sourceTree = "<group>"; };
		8D255AD20486D3F9007BF209 /* Info.plist */ = {isa = PBXFileReference; fileEncoding = 4; lastKnownFileType = text.plist; path = Info.plist; sourceTree = "<group>"; };
		8D255AD30486D3F9007BF209 /* LotsaWater.saver */ = {isa = PBXFileReference; explicitFileType = wrapper.cfbundle; includeInIndex = 0; path = LotsaWater.saver; sourceTree = BUILT_PRODUCTS_DIR; };
		F50079790118B23001CA0E54 /* LotsaWaterView.h */ = {isa = PBXFileReference; fileEncoding = 4; lastKnownFileType = sourcecode.c.h; path = LotsaWaterView.h; sourceTree = "<group>"; };
		F500797A0118B23001CA0E54 /* LotsaWaterView.m */ = {isa = PBXFileReference; fileEncoding = 4; lastKnownFileType = sourcecode.c.objc; path = LotsaWaterView.m; sourceTree = "<group>"; };
/* End PBXFileReference section */

/* Begin PBXFrameworksBuildPhase section */
		8D255ACD0486D3F9007BF209 /* Frameworks */ = {
			isa = PBXFrameworksBuildPhase;
			buildActionMask = 2147483647;
			files = (
				76E31DC42DFD87C200F2F856 /* Metal.framework in Frameworks */,
				8D255ACE0486D3F9007BF209 /* Cocoa.framework in Frameworks */,
				8D255ACF0486D3F9007BF209 /* ScreenSaver.framework in Frameworks */,
				76891D5A29BC488000C8629B /* AVFoundation.framework in Frameworks */,
				76891D5829BC485E00C8629B /* ScreenCaptureKit.framework in Frameworks */,
				1B0BFC6A091EC5EB0012580D /* OpenGL.framework in Frameworks */,
			);
			runOnlyForDeploymentPostprocessing = 0;
		};
/* End PBXFrameworksBuildPhase section */

/* Begin PBXGroup section */
		089C166AFE841209C02AAC07 /* LotsaWater */ = {
			isa = PBXGroup;
			children = (
				76891D5529BC409200C8629B /* LotsaWater.entitlements */,
				08FB77AFFE84173DC02AAC07 /* Sources */,
				089C167CFE841241C02AAC07 /* Resources */,
				089C1671FE841209C02AAC07 /* Frameworks and Libraries */,
				32DBCFA80370C50100C91783 /* LotsaWater_Prefix.pch */,
				19C28FB8FE9D52D311CA2CBB /* Products */,
				76891D5629BC485E00C8629B /* Frameworks */,
			);
			name = LotsaWater;
			sourceTree = "<group>";
		};
		089C1671FE841209C02AAC07 /* Frameworks and Libraries */ = {
			isa = PBXGroup;
			children = (
				1B0BFC69091EC5EB0012580D /* OpenGL.framework */,
				1058C7ADFEA557BF11CA2CBB /* Cocoa.framework */,
				06F27B2DFFEEEFEF11CA0E56 /* ScreenSaver.framework */,
			);
			name = "Frameworks and Libraries";
			sourceTree = "<group>";
		};
		089C167CFE841241C02AAC07 /* Resources */ = {
			isa = PBXGroup;
			children = (
				1B0BFFD8092039AF0012580D /* reflections.png */,
				76E8802829BC5F8D006EDBE7 /* ConfigSheet.nib */,
				8D255AD20486D3F9007BF209 /* Info.plist */,
				089C167DFE841241C02AAC07 /* InfoPlist.strings */,
			);
			name = Resources;
			sourceTree = "<group>";
		};
		08FB77AFFE84173DC02AAC07 /* Sources */ = {
			isa = PBXGroup;
			children = (
				F50079790118B23001CA0E54 /* LotsaWaterView.h */,
				F500797A0118B23001CA0E54 /* LotsaWaterView.m */,
				76E31DC92DFDA28F00F2F856 /* MTLRenderPipeline.h */,
				76E31DCA2DFDA28F00F2F856 /* MTLRenderPipeline.m */,
				76CF61952DFE5C8600F14A1C /* LotsaWaterView.m */,
				76CF61972DFE5CA900F14A1C /* MTLComputePipeline.h */,
				76CF61982DFE5CA900F14A1C /* MTLComputePipeline.m */,
				1B0BFC90091EC98F0012580D /* Water.h */,
				1B0BFC91091EC98F0012580D /* Water.c */,
				76E31DB52DFD879C00F2F856 /* MTLBuffer.h */,
				76E31DB62DFD879C00F2F856 /* MTLBuffer.m */,
				76E31DB72DFD879C00F2F856 /* MTLRenderer.h */,
				76E31DB82DFD879C00F2F856 /* MTLRenderer.m */,
				76E31DB92DFD879C00F2F856 /* MTLTexture.h */,
				76CF61912DFE579900F14A1C /* WaterCompute.metal */,
				76CF61922DFE579900F14A1C /* WaterTypes.h */,
				76E31DBA2DFD879C00F2F856 /* MTLTexture.m */,
				76E31DBB2DFD879C00F2F856 /* WaterShaders.metal */,
				1B81AFEA136BA2BD002AA257 /* LotsaCore */,
				1B81B017136BA2C4002AA257 /* GLObject */,
			);
			name = Sources;
			sourceTree = "<group>";
		};
		19C28FB8FE9D52D311CA2CBB /* Products */ = {
			isa = PBXGroup;
			children = (
				8D255AD30486D3F9007BF209 /* LotsaWater.saver */,
			);
			name = Products;
			sourceTree = "<group>";
		};
		1B81AFEA136BA2BD002AA257 /* LotsaCore */ = {
			isa = PBXGroup;
			children = (
				1B81B270136CD811002AA257 /* GLConverter.h */,
				1B81B271136CD811002AA257 /* GLConverter.m */,
				1B81AFFE136BA2BD002AA257 /* LotsaView.h */,
				1B81AFFF136BA2BD002AA257 /* LotsaView.m */,
				1B81B000136BA2BD002AA257 /* NameMangler.h */,
				1B81B001136BA2BD002AA257 /* Random.c */,
				1B81B002136BA2BD002AA257 /* Random.h */,
			);
			path = LotsaCore;
			sourceTree = "<group>";
		};
		1B81B017136BA2C4002AA257 /* GLObject */ = {
			isa = PBXGroup;
			children = (
				1B81B0F7136BA2C4002AA257 /* Vector */,
			);
			path = GLObject;
			sourceTree = "<group>";
		};
		1B81B0F7136BA2C4002AA257 /* Vector */ = {
			isa = PBXGroup;
			children = (
				1B81B136136BA2C5002AA257 /* Matrix.c */,
				1B81B137136BA2C5002AA257 /* Matrix.h */,
				1B81B13C136BA2C5002AA257 /* Quaternion.c */,
				1B81B13D136BA2C5002AA257 /* Quaternion.h */,
				1B81B145136BA2C5002AA257 /* Vector.c */,
				1B81B146136BA2C5002AA257 /* Vector.h */,
			);
			path = Vector;
			sourceTree = "<group>";
		};
		76891D5629BC485E00C8629B /* Frameworks */ = {
			isa = PBXGroup;
			children = (
				76E31DC32DFD87C200F2F856 /* Metal.framework */,
				76891D5929BC488000C8629B /* AVFoundation.framework */,
				76891D5729BC485E00C8629B /* ScreenCaptureKit.framework */,
			);
			name = Frameworks;
			sourceTree = "<group>";
		};
/* End PBXGroup section */

/* Begin PBXHeadersBuildPhase section */
		8D255AC60486D3F9007BF209 /* Headers */ = {
			isa = PBXHeadersBuildPhase;
			buildActionMask = 2147483647;
			files = (
				8D255AC70486D3F9007BF209 /* LotsaWater_Prefix.pch in Headers */,
				8D255AC80486D3F9007BF209 /* LotsaWaterView.h in Headers */,
				76CF61932DFE579900F14A1C /* WaterTypes.h in Headers */,
				76E31DCB2DFDA28F00F2F856 /* MTLRenderPipeline.h in Headers */,
				1B0BFC92091EC98F0012580D /* Water.h in Headers */,
				76E31DBC2DFD879C00F2F856 /* MTLRenderer.h in Headers */,
				76E31DBD2DFD879C00F2F856 /* MTLTexture.h in Headers */,
				76E31DBE2DFD879C00F2F856 /* MTLBuffer.h in Headers */,
				1B81B012136BA2BD002AA257 /* LotsaView.h in Headers */,
				1B81B014136BA2BD002AA257 /* NameMangler.h in Headers */,
				76CF61992DFE5CA900F14A1C /* MTLComputePipeline.h in Headers */,
				1B81B016136BA2BD002AA257 /* Random.h in Headers */,
				1B81B259136BA2C5002AA257 /* Matrix.h in Headers */,
				1B81B25F136BA2C5002AA257 /* Quaternion.h in Headers */,
				1B81B268136BA2C5002AA257 /* Vector.h in Headers */,
				1B81B272136CD811002AA257 /* GLConverter.h in Headers */,
			);
			runOnlyForDeploymentPostprocessing = 0;
		};
/* End PBXHeadersBuildPhase section */

/* Begin PBXNativeTarget section */
		8D255AC50486D3F9007BF209 /* LotsaWater */ = {
			isa = PBXNativeTarget;
			buildConfigurationList = 1B0BFB60091C4EA90012580D /* Build configuration list for PBXNativeTarget "LotsaWater" */;
			buildPhases = (
				8D255AC60486D3F9007BF209 /* Headers */,
				8D255AC90486D3F9007BF209 /* Resources */,
				8D255ACB0486D3F9007BF209 /* Sources */,
				8D255ACD0486D3F9007BF209 /* Frameworks */,
				8D255AD00486D3F9007BF209 /* Rez */,
			);
			buildRules = (
			);
			dependencies = (
			);
			name = LotsaWater;
			productInstallPath = "$(HOME)/Library/Screen Savers";
			productName = LotsaWater;
			productReference = 8D255AD30486D3F9007BF209 /* LotsaWater.saver */;
			productType = "com.apple.product-type.bundle";
		};
/* End PBXNativeTarget section */

/* Begin PBXProject section */
		089C1669FE841209C02AAC07 /* Project object */ = {
			isa = PBXProject;
			attributes = {
				LastUpgradeCheck = 1420;
				TargetAttributes = {
					8D255AC50486D3F9007BF209 = {
						DevelopmentTeam = GWG2TQ5XG2;
						ProvisioningStyle = Automatic;
					};
				};
			};
			buildConfigurationList = 1B0BFB64091C4EA90012580D /* Build configuration list for PBXProject "LotsaWater" */;
			compatibilityVersion = "Xcode 3.2";
			developmentRegion = English;
			hasScannedForEncodings = 1;
			knownRegions = (
				English,
				en,
				Japanese,
			);
			mainGroup = 089C166AFE841209C02AAC07 /* LotsaWater */;
			projectDirPath = "";
			projectRoot = "";
			targets = (
				8D255AC50486D3F9007BF209 /* LotsaWater */,
			);
		};
/* End PBXProject section */

/* Begin PBXResourcesBuildPhase section */
		8D255AC90486D3F9007BF209 /* Resources */ = {
			isa = PBXResourcesBuildPhase;
			buildActionMask = 2147483647;
			files = (
				8D255ACA0486D3F9007BF209 /* InfoPlist.strings in Resources */,
				76E8802929BC5F8D006EDBE7 /* ConfigSheet.nib in Resources */,
				1B0BFFD9092039AF0012580D /* reflections.png in Resources */,
			);
			runOnlyForDeploymentPostprocessing = 0;
		};
/* End PBXResourcesBuildPhase section */

/* Begin PBXRezBuildPhase section */
		8D255AD00486D3F9007BF209 /* Rez */ = {
			isa = PBXRezBuildPhase;
			buildActionMask = 2147483647;
			files = (
			);
			runOnlyForDeploymentPostprocessing = 0;
		};
/* End PBXRezBuildPhase section */

/* Begin PBXSourcesBuildPhase section */
		8D255ACB0486D3F9007BF209 /* Sources */ = {
			isa = PBXSourcesBuildPhase;
			buildActionMask = 2147483647;
			files = (
				8D255ACC0486D3F9007BF209 /* LotsaWaterView.m in Sources */,
				1B0BFC93091EC98F0012580D /* Water.c in Sources */,
				1B81B013136BA2BD002AA257 /* LotsaView.m in Sources */,
				1B81B015136BA2BD002AA257 /* Random.c in Sources */,
				1B81B258136BA2C5002AA257 /* Matrix.c in Sources */,
				1B81B25E136BA2C5002AA257 /* Quaternion.c in Sources */,
				1B81B267136BA2C5002AA257 /* Vector.c in Sources */,
				76CF61942DFE579900F14A1C /* WaterCompute.metal in Sources */,
				76E31DCC2DFDA28F00F2F856 /* MTLRenderPipeline.m in Sources */,
				76E31DBF2DFD879C00F2F856 /* MTLRenderer.m in Sources */,
				76E31DC02DFD879C00F2F856 /* WaterShaders.metal in Sources */,
				76E31DC12DFD879C00F2F856 /* MTLBuffer.m in Sources */,
				76CF61962DFE5C8600F14A1C /* LotsaWaterView.m in Sources */,
				76E31DC22DFD879C00F2F856 /* MTLTexture.m in Sources */,
				1B81B273136CD811002AA257 /* GLConverter.m in Sources */,
				76CF619A2DFE5CA900F14A1C /* MTLComputePipeline.m in Sources */,
			);
			runOnlyForDeploymentPostprocessing = 0;
		};
/* End PBXSourcesBuildPhase section */

/* Begin PBXVariantGroup section */
		089C167DFE841241C02AAC07 /* InfoPlist.strings */ = {
			isa = PBXVariantGroup;
			children = (
				76E8802A29BC6020006EDBE7 /* en */,
			);
			name = InfoPlist.strings;
			sourceTree = "<group>";
		};
/* End PBXVariantGroup section */

/* Begin XCBuildConfiguration section */
		1B0BFB61091C4EA90012580D /* Debug */ = {
			isa = XCBuildConfiguration;
			buildSettings = {
				ARCHS = "$(ARCHS_STANDARD)";
				CLANG_ENABLE_OBJC_ARC = YES;
				CODE_SIGN_IDENTITY = "Apple Development";
				CODE_SIGN_STYLE = Automatic;
				DEVELOPMENT_TEAM = GWG2TQ5XG2;
				GCC_C_LANGUAGE_STANDARD = c99;
				GCC_ENABLE_OBJC_GC = unsupported;
				GCC_PRECOMPILE_PREFIX_HEADER = YES;
				GCC_PREFIX_HEADER = LotsaWater_Prefix.pch;
				GCC_STRICT_ALIASING = YES;
				GCC_UNROLL_LOOPS = YES;
				GCC_VERSION = com.apple.compilers.llvm.clang.1_0;
				INFOPLIST_FILE = Info.plist;
				INSTALL_PATH = "$(HOME)/Library/Screen Savers";
				LIBRARY_SEARCH_PATHS = (
					"$(inherited)",
					"\"$(SRCROOT)/GLObject\"",
				);
				MACOSX_DEPLOYMENT_TARGET = 10.15;
				OTHER_CFLAGS = "-DClassNamePrefix=LW";
				PRODUCT_BUNDLE_IDENTIFIER = in.xizi.lotsawater;
				PRODUCT_NAME = LotsaWater;
				PROVISIONING_PROFILE = "";
				PROVISIONING_PROFILE_SPECIFIER = "";
				USE_HEADERMAP = NO;
				WRAPPER_EXTENSION = saver;
			};
			name = Debug;
		};
		1B0BFB62091C4EA90012580D /* Release */ = {
			isa = XCBuildConfiguration;
			buildSettings = {
				ARCHS = "$(ARCHS_STANDARD)";
				CLANG_ENABLE_OBJC_ARC = YES;
				CODE_SIGN_IDENTITY = "Apple Development";
				CODE_SIGN_STYLE = Automatic;
				DEVELOPMENT_TEAM = GWG2TQ5XG2;
				GCC_C_LANGUAGE_STANDARD = c99;
				GCC_ENABLE_OBJC_GC = unsupported;
				GCC_FAST_MATH = YES;
				GCC_NO_COMMON_BLOCKS = YES;
				GCC_OPTIMIZATION_LEVEL = 3;
				GCC_PRECOMPILE_PREFIX_HEADER = YES;
				GCC_PREFIX_HEADER = LotsaWater_Prefix.pch;
				GCC_STRICT_ALIASING = YES;
				GCC_UNROLL_LOOPS = YES;
				GCC_VERSION = com.apple.compilers.llvm.clang.1_0;
				INFOPLIST_FILE = Info.plist;
				INSTALL_PATH = "$(HOME)/Library/Screen Savers";
				LIBRARY_SEARCH_PATHS = (
					"$(inherited)",
					"\"$(SRCROOT)/GLObject\"",
				);
				MACOSX_DEPLOYMENT_TARGET = 10.15;
				OTHER_CFLAGS = (
					"-DClassNamePrefix=LW",
					"-fsingle-precision-constant",
				);
				OTHER_CPLUSPLUSFLAGS = "$(OTHER_CFLAGS)";
				PRODUCT_BUNDLE_IDENTIFIER = in.xizi.lotsawater;
				PRODUCT_NAME = LotsaWater;
				PROVISIONING_PROFILE = "";
				PROVISIONING_PROFILE_SPECIFIER = "";
				USE_HEADERMAP = NO;
				WRAPPER_EXTENSION = saver;
			};
			name = Release;
		};
		1B0BFB65091C4EA90012580D /* Debug */ = {
			isa = XCBuildConfiguration;
			buildSettings = {
			};
			name = Debug;
		};
		1B0BFB66091C4EA90012580D /* Release */ = {
			isa = XCBuildConfiguration;
			buildSettings = {
			};
			name = Release;
		};
/* End XCBuildConfiguration section */

/* Begin XCConfigurationList section */
		1B0BFB60091C4EA90012580D /* Build configuration list for PBXNativeTarget "LotsaWater" */ = {
			isa = XCConfigurationList;
			buildConfigurations = (
				1B0BFB61091C4EA90012580D /* Debug */,
				1B0BFB62091C4EA90012580D /* Release */,
			);
			defaultConfigurationIsVisible = 0;
			defaultConfigurationName = Debug;
		};
		1B0BFB64091C4EA90012580D /* Build configuration list for PBXProject "LotsaWater" */ = {
			isa = XCConfigurationList;
			buildConfigurations = (
				1B0BFB65091C4EA90012580D /* Debug */,
				1B0BFB66091C4EA90012580D /* Release */,
			);
			defaultConfigurationIsVisible = 0;
			defaultConfigurationName = Debug;
		};
/* End XCConfigurationList section */
	};
	rootObject = 089C1669FE841209C02AAC07 /* Project object */;
}
